
Microsoft Visual Studio Solution File, Format Version 12.00
# Visual Studio Version 16
VisualStudioVersion = 16.0.31129.286
MinimumVisualStudioVersion = 10.0.40219.1
Project("{9A19103F-16F7-4668-BE54-9A1E7A4F7556}") = "SecurityServiceWebsite", "SecurityService\SecurityServiceWebsite.csproj", "{30A7B1FE-CC34-4EA0-9505-DA65E45C223A}"
EndProject
Project("{FAE04EC0-301F-11D3-BF4B-00C04F79EFBC}") = "WebAPIAdmin", "WebAPIAdmin\WebAPIAdmin.csproj", "{518E3612-1009-415D-9D83-5AF0159155FE}"
EndProject
Global
	GlobalSection(SolutionConfigurationPlatforms) = preSolution
		Debug|Any CPU = Debug|Any CPU
		Release|Any CPU = Release|Any CPU
	EndGlobalSection
	GlobalSection(ProjectConfigurationPlatforms) = postSolution
		{30A7B1FE-CC34-4EA0-9505-DA65E45C223A}.Debug|Any CPU.ActiveCfg = Debug|Any CPU
		{30A7B1FE-CC34-4EA0-9505-DA65E45C223A}.Debug|Any CPU.Build.0 = Debug|Any CPU
		{30A7B1FE-CC34-4EA0-9505-DA65E45C223A}.Release|Any CPU.ActiveCfg = Release|Any CPU
		{30A7B1FE-CC34-4EA0-9505-DA65E45C223A}.Release|Any CPU.Build.0 = Release|Any CPU
		{518E3612-1009-415D-9D83-5AF0159155FE}.Debug|Any CPU.ActiveCfg = Debug|Any CPU
		{518E3612-1009-415D-9D83-5AF0159155FE}.Debug|Any CPU.Build.0 = Debug|Any CPU
		{518E3612-1009-415D-9D83-5AF0159155FE}.Release|Any CPU.ActiveCfg = Release|Any CPU
		{518E3612-1009-415D-9D83-5AF0159155FE}.Release|Any CPU.Build.0 = Release|Any CPU
	EndGlobalSection
	GlobalSection(SolutionProperties) = preSolution
		HideSolutionNode = FALSE
	EndGlobalSection
	GlobalSection(ExtensibilityGlobals) = postSolution
		SolutionGuid = {578E343D-EF2C-40B8-9C6E-3B5D66D8BD63}
	EndGlobalSection
EndGlobal
